
Microsoft Visual Studio Solution File, Format Version 12.00
# Visual Studio 15
VisualStudioVersion = 15.0.28307.329
MinimumVisualStudioVersion = 10.0.40219.1
Project("{FAE04EC0-301F-11D3-BF4B-00C04F79EFBC}") = "TabbedUI03", "TabbedUI03\TabbedUI03.csproj", "{1A505EB0-EDD7-40EC-A1BA-6A47CE8E36F5}"
EndProject
Global
	GlobalSection(SolutionConfigurationPlatforms) = preSolution
		Debug|Any CPU = Debug|Any CPU
		Release|Any CPU = Release|Any CPU
	EndGlobalSection
	GlobalSection(ProjectConfigurationPlatforms) = postSolution
		{1A505EB0-EDD7-40EC-A1BA-6A47CE8E36F5}.Debug|Any CPU.ActiveCfg = Debug|Any CPU
		{1A505EB0-EDD7-40EC-A1BA-6A47CE8E36F5}.Debug|Any CPU.Build.0 = Debug|Any CPU
		{1A505EB0-EDD7-40EC-A1BA-6A47CE8E36F5}.Release|Any CPU.ActiveCfg = Release|Any CPU
		{1A505EB0-EDD7-40EC-A1BA-6A47CE8E36F5}.Release|Any CPU.Build.0 = Release|Any CPU
	EndGlobalSection
	GlobalSection(SolutionProperties) = preSolution
		HideSolutionNode = FALSE
	EndGlobalSection
	GlobalSection(ExtensibilityGlobals) = postSolution
		SolutionGuid = {F0031F49-82B0-4981-A915-03133D3A6019}
	EndGlobalSection
EndGlobal
